// !$*UTF8*$!
{
	archiveVersion = 1;
	classes = {
	};
	objectVersion = 56;
	objects = {

/* Begin PBXBuildFile section */
		5D101816297815AB006742D1 /* AppDelegate.swift in Sources */ = {isa = PBXBuildFile; fileRef = 5D101815297815AB006742D1 /* AppDelegate.swift */; };
		5D101818297815AB006742D1 /* SceneDelegate.swift in Sources */ = {isa = PBXBuildFile; fileRef = 5D101817297815AB006742D1 /* SceneDelegate.swift */; };
		5D10181A297815AB006742D1 /* ViewController.swift in Sources */ = {isa = PBXBuildFile; fileRef = 5D101819297815AB006742D1 /* ViewController.swift */; };
		5D10181D297815AB006742D1 /* Main.storyboard in Resources */ = {isa = PBXBuildFile; fileRef = 5D10181B297815AB006742D1 /* Main.storyboard */; };
		5D10181F297815AE006742D1 /* Assets.xcassets in Resources */ = {isa = PBXBuildFile; fileRef = 5D10181E297815AE006742D1 /* Assets.xcassets */; };
		5D101822297815AE006742D1 /* LaunchScreen.storyboard in Resources */ = {isa = PBXBuildFile; fileRef = 5D101820297815AE006742D1 /* LaunchScreen.storyboard */; };
		5D10182D297815AF006742D1 /* CountryCodesTests.swift in Sources */ = {isa = PBXBuildFile; fileRef = 5D10182C297815AF006742D1 /* CountryCodesTests.swift */; };
		5D101837297815AF006742D1 /* CountryCodesUITests.swift in Sources */ = {isa = PBXBuildFile; fileRef = 5D101836297815AF006742D1 /* CountryCodesUITests.swift */; };
		5D101839297815AF006742D1 /* CountryCodesUITestsLaunchTests.swift in Sources */ = {isa = PBXBuildFile; fileRef = 5D101838297815AF006742D1 /* CountryCodesUITestsLaunchTests.swift */; };
		5D10184C297816B5006742D1 /* countryCodes.json in Resources */ = {isa = PBXBuildFile; fileRef = 5D10184B297816B5006742D1 /* countryCodes.json */; };
		EDD6CBBC297E985D00B29DFE /* Model.swift in Sources */ = {isa = PBXBuildFile; fileRef = EDD6CBBB297E985D00B29DFE /* Model.swift */; };
		EDD6CBBE297E98B000B29DFE /* Network.swift in Sources */ = {isa = PBXBuildFile; fileRef = EDD6CBBD297E98B000B29DFE /* Network.swift */; };
/* End PBXBuildFile section */

/* Begin PBXContainerItemProxy section */
		5D101829297815AE006742D1 /* PBXContainerItemProxy */ = {
			isa = PBXContainerItemProxy;
			containerPortal = 5D10180A297815AA006742D1 /* Project object */;
			proxyType = 1;
			remoteGlobalIDString = 5D101811297815AB006742D1;
			remoteInfo = CountryCodes;
		};
		5D101833297815AF006742D1 /* PBXContainerItemProxy */ = {
			isa = PBXContainerItemProxy;
			containerPortal = 5D10180A297815AA006742D1 /* Project object */;
			proxyType = 1;
			remoteGlobalIDString = 5D101811297815AB006742D1;
			remoteInfo = CountryCodes;
		};
/* End PBXContainerItemProxy section */

/* Begin PBXFileReference section */
		5D101812297815AB006742D1 /* CountryCodes.app */ = {isa = PBXFileReference; explicitFileType = wrapper.application; includeInIndex = 0; path = CountryCodes.app; sourceTree = BUILT_PRODUCTS_DIR; };
		5D101815297815AB006742D1 /* AppDelegate.swift */ = {isa = PBXFileReference; lastKnownFileType = sourcecode.swift; path = AppDelegate.swift; sourceTree = "<group>"; };
		5D101817297815AB006742D1 /* SceneDelegate.swift */ = {isa = PBXFileReference; lastKnownFileType = sourcecode.swift; path = SceneDelegate.swift; sourceTree = "<group>"; };
		5D101819297815AB006742D1 /* ViewController.swift */ = {isa = PBXFileReference; lastKnownFileType = sourcecode.swift; path = ViewController.swift; sourceTree = "<group>"; };
		5D10181C297815AB006742D1 /* Base */ = {isa = PBXFileReference; lastKnownFileType = file.storyboard; name = Base; path = Base.lproj/Main.storyboard; sourceTree = "<group>"; };
		5D10181E297815AE006742D1 /* Assets.xcassets */ = {isa = PBXFileReference; lastKnownFileType = folder.assetcatalog; path = Assets.xcassets; sourceTree = "<group>"; };
		5D101821297815AE006742D1 /* Base */ = {isa = PBXFileReference; lastKnownFileType = file.storyboard; name = Base; path = Base.lproj/LaunchScreen.storyboard; sourceTree = "<group>"; };
		5D101823297815AE006742D1 /* Info.plist */ = {isa = PBXFileReference; lastKnownFileType = text.plist.xml; path = Info.plist; sourceTree = "<group>"; };
		5D101828297815AE006742D1 /* CountryCodesTests.xctest */ = {isa = PBXFileReference; explicitFileType = wrapper.cfbundle; includeInIndex = 0; path = CountryCodesTests.xctest; sourceTree = BUILT_PRODUCTS_DIR; };
		5D10182C297815AF006742D1 /* CountryCodesTests.swift */ = {isa = PBXFileReference; lastKnownFileType = sourcecode.swift; path = CountryCodesTests.swift; sourceTree = "<group>"; };
		5D101832297815AF006742D1 /* CountryCodesUITests.xctest */ = {isa = PBXFileReference; explicitFileType = wrapper.cfbundle; includeInIndex = 0; path = CountryCodesUITests.xctest; sourceTree = BUILT_PRODUCTS_DIR; };
		5D101836297815AF006742D1 /* CountryCodesUITests.swift */ = {isa = PBXFileReference; lastKnownFileType = sourcecode.swift; path = CountryCodesUITests.swift; sourceTree = "<group>"; };
		5D101838297815AF006742D1 /* CountryCodesUITestsLaunchTests.swift */ = {isa = PBXFileReference; lastKnownFileType = sourcecode.swift; path = CountryCodesUITestsLaunchTests.swift; sourceTree = "<group>"; };
		5D10184B297816B5006742D1 /* countryCodes.json */ = {isa = PBXFileReference; fileEncoding = 4; lastKnownFileType = text.json; path = countryCodes.json; sourceTree = "<group>"; };
		5D58FC4C29795E5B00BBB141 /* TASK.md */ = {isa = PBXFileReference; lastKnownFileType = net.daringfireball.markdown; path = TASK.md; sourceTree = "<group>"; };
		EDD6CBBB297E985D00B29DFE /* Model.swift */ = {isa = PBXFileReference; lastKnownFileType = sourcecode.swift; path = Model.swift; sourceTree = "<group>"; };
		EDD6CBBD297E98B000B29DFE /* Network.swift */ = {isa = PBXFileReference; lastKnownFileType = sourcecode.swift; path = Network.swift; sourceTree = "<group>"; };
/* End PBXFileReference section */

/* Begin PBXFrameworksBuildPhase section */
		5D10180F297815AB006742D1 /* Frameworks */ = {
			isa = PBXFrameworksBuildPhase;
			buildActionMask = 2147483647;
			files = (
			);
			runOnlyForDeploymentPostprocessing = 0;
		};
		5D101825297815AE006742D1 /* Frameworks */ = {
			isa = PBXFrameworksBuildPhase;
			buildActionMask = 2147483647;
			files = (
			);
			runOnlyForDeploymentPostprocessing = 0;
		};
		5D10182F297815AF006742D1 /* Frameworks */ = {
			isa = PBXFrameworksBuildPhase;
			buildActionMask = 2147483647;
			files = (
			);
			runOnlyForDeploymentPostprocessing = 0;
		};
/* End PBXFrameworksBuildPhase section */

/* Begin PBXGroup section */
		5D101809297815AA006742D1 = {
			isa = PBXGroup;
			children = (
				5D58FC4C29795E5B00BBB141 /* TASK.md */,
				5D101814297815AB006742D1 /* CountryCodes */,
				5D10182B297815AF006742D1 /* CountryCodesTests */,
				5D101835297815AF006742D1 /* CountryCodesUITests */,
				5D101813297815AB006742D1 /* Products */,
			);
			sourceTree = "<group>";
		};
		5D101813297815AB006742D1 /* Products */ = {
			isa = PBXGroup;
			children = (
				5D101812297815AB006742D1 /* CountryCodes.app */,
				5D101828297815AE006742D1 /* CountryCodesTests.xctest */,
				5D101832297815AF006742D1 /* CountryCodesUITests.xctest */,
			);
			name = Products;
			sourceTree = "<group>";
		};
		5D101814297815AB006742D1 /* CountryCodes */ = {
			isa = PBXGroup;
			children = (
				5D101845297815B8006742D1 /* AppLayer */,
				5D10184929781600006742D1 /* PresentationLayer */,
				5D101846297815BF006742D1 /* Resources */,
			);
			path = CountryCodes;
			sourceTree = "<group>";
		};
		5D10182B297815AF006742D1 /* CountryCodesTests */ = {
			isa = PBXGroup;
			children = (
				5D10182C297815AF006742D1 /* CountryCodesTests.swift */,
			);
			path = CountryCodesTests;
			sourceTree = "<group>";
		};
		5D101835297815AF006742D1 /* CountryCodesUITests */ = {
			isa = PBXGroup;
			children = (
				5D101836297815AF006742D1 /* CountryCodesUITests.swift */,
				5D101838297815AF006742D1 /* CountryCodesUITestsLaunchTests.swift */,
			);
			path = CountryCodesUITests;
			sourceTree = "<group>";
		};
		5D101845297815B8006742D1 /* AppLayer */ = {
			isa = PBXGroup;
			children = (
				5D101815297815AB006742D1 /* AppDelegate.swift */,
				5D101817297815AB006742D1 /* SceneDelegate.swift */,
			);
			path = AppLayer;
			sourceTree = "<group>";
		};
		5D101846297815BF006742D1 /* Resources */ = {
			isa = PBXGroup;
			children = (
				5D10184A2978164A006742D1 /* JSON */,
				5D101847297815C3006742D1 /* Assets */,
				5D101848297815C9006742D1 /* Launch */,
				5D101823297815AE006742D1 /* Info.plist */,
			);
			path = Resources;
			sourceTree = "<group>";
		};
		5D101847297815C3006742D1 /* Assets */ = {
			isa = PBXGroup;
			children = (
				5D10181E297815AE006742D1 /* Assets.xcassets */,
			);
			path = Assets;
			sourceTree = "<group>";
		};
		5D101848297815C9006742D1 /* Launch */ = {
			isa = PBXGroup;
			children = (
				5D101820297815AE006742D1 /* LaunchScreen.storyboard */,
			);
			path = Launch;
			sourceTree = "<group>";
		};
		5D10184929781600006742D1 /* PresentationLayer */ = {
			isa = PBXGroup;
			children = (
				5D101819297815AB006742D1 /* ViewController.swift */,
				5D10181B297815AB006742D1 /* Main.storyboard */,
				EDD6CBBB297E985D00B29DFE /* Model.swift */,
				EDD6CBBD297E98B000B29DFE /* Network.swift */,
			);
			path = PresentationLayer;
			sourceTree = "<group>";
		};
		5D10184A2978164A006742D1 /* JSON */ = {
			isa = PBXGroup;
			children = (
				5D10184B297816B5006742D1 /* countryCodes.json */,
			);
			path = JSON;
			sourceTree = "<group>";
		};
/* End PBXGroup section */

/* Begin PBXNativeTarget section */
		5D101811297815AB006742D1 /* CountryCodes */ = {
			isa = PBXNativeTarget;
			buildConfigurationList = 5D10183C297815AF006742D1 /* Build configuration list for PBXNativeTarget "CountryCodes" */;
			buildPhases = (
				5D10180E297815AB006742D1 /* Sources */,
				5D10180F297815AB006742D1 /* Frameworks */,
				5D101810297815AB006742D1 /* Resources */,
			);
			buildRules = (
			);
			dependencies = (
			);
			name = CountryCodes;
			productName = CountryCodes;
			productReference = 5D101812297815AB006742D1 /* CountryCodes.app */;
			productType = "com.apple.product-type.application";
		};
		5D101827297815AE006742D1 /* CountryCodesTests */ = {
			isa = PBXNativeTarget;
			buildConfigurationList = 5D10183F297815AF006742D1 /* Build configuration list for PBXNativeTarget "CountryCodesTests" */;
			buildPhases = (
				5D101824297815AE006742D1 /* Sources */,
				5D101825297815AE006742D1 /* Frameworks */,
				5D101826297815AE006742D1 /* Resources */,
			);
			buildRules = (
			);
			dependencies = (
				5D10182A297815AE006742D1 /* PBXTargetDependency */,
			);
			name = CountryCodesTests;
			productName = CountryCodesTests;
			productReference = 5D101828297815AE006742D1 /* CountryCodesTests.xctest */;
			productType = "com.apple.product-type.bundle.unit-test";
		};
		5D101831297815AF006742D1 /* CountryCodesUITests */ = {
			isa = PBXNativeTarget;
			buildConfigurationList = 5D101842297815AF006742D1 /* Build configuration list for PBXNativeTarget "CountryCodesUITests" */;
			buildPhases = (
				5D10182E297815AF006742D1 /* Sources */,
				5D10182F297815AF006742D1 /* Frameworks */,
				5D101830297815AF006742D1 /* Resources */,
			);
			buildRules = (
			);
			dependencies = (
				5D101834297815AF006742D1 /* PBXTargetDependency */,
			);
			name = CountryCodesUITests;
			productName = CountryCodesUITests;
			productReference = 5D101832297815AF006742D1 /* CountryCodesUITests.xctest */;
			productType = "com.apple.product-type.bundle.ui-testing";
		};
/* End PBXNativeTarget section */

/* Begin PBXProject section */
		5D10180A297815AA006742D1 /* Project object */ = {
			isa = PBXProject;
			attributes = {
				BuildIndependentTargetsInParallel = 1;
				LastSwiftUpdateCheck = 1410;
				LastUpgradeCheck = 1410;
				TargetAttributes = {
					5D101811297815AB006742D1 = {
						CreatedOnToolsVersion = 14.1;
					};
					5D101827297815AE006742D1 = {
						CreatedOnToolsVersion = 14.1;
						TestTargetID = 5D101811297815AB006742D1;
					};
					5D101831297815AF006742D1 = {
						CreatedOnToolsVersion = 14.1;
						TestTargetID = 5D101811297815AB006742D1;
					};
				};
			};
			buildConfigurationList = 5D10180D297815AA006742D1 /* Build configuration list for PBXProject "CountryCodes" */;
			compatibilityVersion = "Xcode 14.0";
			developmentRegion = en;
			hasScannedForEncodings = 0;
			knownRegions = (
				en,
				Base,
			);
			mainGroup = 5D101809297815AA006742D1;
			productRefGroup = 5D101813297815AB006742D1 /* Products */;
			projectDirPath = "";
			projectRoot = "";
			targets = (
				5D101811297815AB006742D1 /* CountryCodes */,
				5D101827297815AE006742D1 /* CountryCodesTests */,
				5D101831297815AF006742D1 /* CountryCodesUITests */,
			);
		};
/* End PBXProject section */

/* Begin PBXResourcesBuildPhase section */
		5D101810297815AB006742D1 /* Resources */ = {
			isa = PBXResourcesBuildPhase;
			buildActionMask = 2147483647;
			files = (
				5D101822297815AE006742D1 /* LaunchScreen.storyboard in Resources */,
				5D10181F297815AE006742D1 /* Assets.xcassets in Resources */,
				5D10181D297815AB006742D1 /* Main.storyboard in Resources */,
				5D10184C297816B5006742D1 /* countryCodes.json in Resources */,
			);
			runOnlyForDeploymentPostprocessing = 0;
		};
		5D101826297815AE006742D1 /* Resources */ = {
			isa = PBXResourcesBuildPhase;
			buildActionMask = 2147483647;
			files = (
			);
			runOnlyForDeploymentPostprocessing = 0;
		};
		5D101830297815AF006742D1 /* Resources */ = {
			isa = PBXResourcesBuildPhase;
			buildActionMask = 2147483647;
			files = (
			);
			runOnlyForDeploymentPostprocessing = 0;
		};
/* End PBXResourcesBuildPhase section */

/* Begin PBXSourcesBuildPhase section */
		5D10180E297815AB006742D1 /* Sources */ = {
			isa = PBXSourcesBuildPhase;
			buildActionMask = 2147483647;
			files = (
				EDD6CBBE297E98B000B29DFE /* Network.swift in Sources */,
				5D10181A297815AB006742D1 /* ViewController.swift in Sources */,
				5D101816297815AB006742D1 /* AppDelegate.swift in Sources */,
				5D101818297815AB006742D1 /* SceneDelegate.swift in Sources */,
				EDD6CBBC297E985D00B29DFE /* Model.swift in Sources */,
			);
			runOnlyForDeploymentPostprocessing = 0;
		};
		5D101824297815AE006742D1 /* Sources */ = {
			isa = PBXSourcesBuildPhase;
			buildActionMask = 2147483647;
			files = (
				5D10182D297815AF006742D1 /* CountryCodesTests.swift in Sources */,
			);
			runOnlyForDeploymentPostprocessing = 0;
		};
		5D10182E297815AF006742D1 /* Sources */ = {
			isa = PBXSourcesBuildPhase;
			buildActionMask = 2147483647;
			files = (
				5D101839297815AF006742D1 /* CountryCodesUITestsLaunchTests.swift in Sources */,
				5D101837297815AF006742D1 /* CountryCodesUITests.swift in Sources */,
			);
			runOnlyForDeploymentPostprocessing = 0;
		};
/* End PBXSourcesBuildPhase section */

/* Begin PBXTargetDependency section */
		5D10182A297815AE006742D1 /* PBXTargetDependency */ = {
			isa = PBXTargetDependency;
			target = 5D101811297815AB006742D1 /* CountryCodes */;
			targetProxy = 5D101829297815AE006742D1 /* PBXContainerItemProxy */;
		};
		5D101834297815AF006742D1 /* PBXTargetDependency */ = {
			isa = PBXTargetDependency;
			target = 5D101811297815AB006742D1 /* CountryCodes */;
			targetProxy = 5D101833297815AF006742D1 /* PBXContainerItemProxy */;
		};
/* End PBXTargetDependency section */

/* Begin PBXVariantGroup section */
		5D10181B297815AB006742D1 /* Main.storyboard */ = {
			isa = PBXVariantGroup;
			children = (
				5D10181C297815AB006742D1 /* Base */,
			);
			name = Main.storyboard;
			sourceTree = "<group>";
		};
		5D101820297815AE006742D1 /* LaunchScreen.storyboard */ = {
			isa = PBXVariantGroup;
			children = (
				5D101821297815AE006742D1 /* Base */,
			);
			name = LaunchScreen.storyboard;
			sourceTree = "<group>";
		};
/* End PBXVariantGroup section */

/* Begin XCBuildConfiguration section */
		5D10183A297815AF006742D1 /* Debug */ = {
			isa = XCBuildConfiguration;
			buildSettings = {
				ALWAYS_SEARCH_USER_PATHS = NO;
				CLANG_ANALYZER_NONNULL = YES;
				CLANG_ANALYZER_NUMBER_OBJECT_CONVERSION = YES_AGGRESSIVE;
				CLANG_CXX_LANGUAGE_STANDARD = "gnu++20";
				CLANG_ENABLE_MODULES = YES;
				CLANG_ENABLE_OBJC_ARC = YES;
				CLANG_ENABLE_OBJC_WEAK = YES;
				CLANG_WARN_BLOCK_CAPTURE_AUTORELEASING = YES;
				CLANG_WARN_BOOL_CONVERSION = YES;
				CLANG_WARN_COMMA = YES;
				CLANG_WARN_CONSTANT_CONVERSION = YES;
				CLANG_WARN_DEPRECATED_OBJC_IMPLEMENTATIONS = YES;
				CLANG_WARN_DIRECT_OBJC_ISA_USAGE = YES_ERROR;
				CLANG_WARN_DOCUMENTATION_COMMENTS = YES;
				CLANG_WARN_EMPTY_BODY = YES;
				CLANG_WARN_ENUM_CONVERSION = YES;
				CLANG_WARN_INFINITE_RECURSION = YES;
				CLANG_WARN_INT_CONVERSION = YES;
				CLANG_WARN_NON_LITERAL_NULL_CONVERSION = YES;
				CLANG_WARN_OBJC_IMPLICIT_RETAIN_SELF = YES;
				CLANG_WARN_OBJC_LITERAL_CONVERSION = YES;
				CLANG_WARN_OBJC_ROOT_CLASS = YES_ERROR;
				CLANG_WARN_QUOTED_INCLUDE_IN_FRAMEWORK_HEADER = YES;
				CLANG_WARN_RANGE_LOOP_ANALYSIS = YES;
				CLANG_WARN_STRICT_PROTOTYPES = YES;
				CLANG_WARN_SUSPICIOUS_MOVE = YES;
				CLANG_WARN_UNGUARDED_AVAILABILITY = YES_AGGRESSIVE;
				CLANG_WARN_UNREACHABLE_CODE = YES;
				CLANG_WARN__DUPLICATE_METHOD_MATCH = YES;
				COPY_PHASE_STRIP = NO;
				DEBUG_INFORMATION_FORMAT = dwarf;
				ENABLE_STRICT_OBJC_MSGSEND = YES;
				ENABLE_TESTABILITY = YES;
				GCC_C_LANGUAGE_STANDARD = gnu11;
				GCC_DYNAMIC_NO_PIC = NO;
				GCC_NO_COMMON_BLOCKS = YES;
				GCC_OPTIMIZATION_LEVEL = 0;
				GCC_PREPROCESSOR_DEFINITIONS = (
					"DEBUG=1",
					"$(inherited)",
				);
				GCC_WARN_64_TO_32_BIT_CONVERSION = YES;
				GCC_WARN_ABOUT_RETURN_TYPE = YES_ERROR;
				GCC_WARN_UNDECLARED_SELECTOR = YES;
				GCC_WARN_UNINITIALIZED_AUTOS = YES_AGGRESSIVE;
				GCC_WARN_UNUSED_FUNCTION = YES;
				GCC_WARN_UNUSED_VARIABLE = YES;
				IPHONEOS_DEPLOYMENT_TARGET = 13.0;
				MTL_ENABLE_DEBUG_INFO = INCLUDE_SOURCE;
				MTL_FAST_MATH = YES;
				ONLY_ACTIVE_ARCH = YES;
				SDKROOT = iphoneos;
				SWIFT_ACTIVE_COMPILATION_CONDITIONS = DEBUG;
				SWIFT_OPTIMIZATION_LEVEL = "-Onone";
			};
			name = Debug;
		};
		5D10183B297815AF006742D1 /* Release */ = {
			isa = XCBuildConfiguration;
			buildSettings = {
				ALWAYS_SEARCH_USER_PATHS = NO;
				CLANG_ANALYZER_NONNULL = YES;
				CLANG_ANALYZER_NUMBER_OBJECT_CONVERSION = YES_AGGRESSIVE;
				CLANG_CXX_LANGUAGE_STANDARD = "gnu++20";
				CLANG_ENABLE_MODULES = YES;
				CLANG_ENABLE_OBJC_ARC = YES;
				CLANG_ENABLE_OBJC_WEAK = YES;
				CLANG_WARN_BLOCK_CAPTURE_AUTORELEASING = YES;
				CLANG_WARN_BOOL_CONVERSION = YES;
				CLANG_WARN_COMMA = YES;
				CLANG_WARN_CONSTANT_CONVERSION = YES;
				CLANG_WARN_DEPRECATED_OBJC_IMPLEMENTATIONS = YES;
				CLANG_WARN_DIRECT_OBJC_ISA_USAGE = YES_ERROR;
				CLANG_WARN_DOCUMENTATION_COMMENTS = YES;
				CLANG_WARN_EMPTY_BODY = YES;
				CLANG_WARN_ENUM_CONVERSION = YES;
				CLANG_WARN_INFINITE_RECURSION = YES;
				CLANG_WARN_INT_CONVERSION = YES;
				CLANG_WARN_NON_LITERAL_NULL_CONVERSION = YES;
				CLANG_WARN_OBJC_IMPLICIT_RETAIN_SELF = YES;
				CLANG_WARN_OBJC_LITERAL_CONVERSION = YES;
				CLANG_WARN_OBJC_ROOT_CLASS = YES_ERROR;
				CLANG_WARN_QUOTED_INCLUDE_IN_FRAMEWORK_HEADER = YES;
				CLANG_WARN_RANGE_LOOP_ANALYSIS = YES;
				CLANG_WARN_STRICT_PROTOTYPES = YES;
				CLANG_WARN_SUSPICIOUS_MOVE = YES;
				CLANG_WARN_UNGUARDED_AVAILABILITY = YES_AGGRESSIVE;
				CLANG_WARN_UNREACHABLE_CODE = YES;
				CLANG_WARN__DUPLICATE_METHOD_MATCH = YES;
				COPY_PHASE_STRIP = NO;
				DEBUG_INFORMATION_FORMAT = "dwarf-with-dsym";
				ENABLE_NS_ASSERTIONS = NO;
				ENABLE_STRICT_OBJC_MSGSEND = YES;
				GCC_C_LANGUAGE_STANDARD = gnu11;
				GCC_NO_COMMON_BLOCKS = YES;
				GCC_WARN_64_TO_32_BIT_CONVERSION = YES;
				GCC_WARN_ABOUT_RETURN_TYPE = YES_ERROR;
				GCC_WARN_UNDECLARED_SELECTOR = YES;
				GCC_WARN_UNINITIALIZED_AUTOS = YES_AGGRESSIVE;
				GCC_WARN_UNUSED_FUNCTION = YES;
				GCC_WARN_UNUSED_VARIABLE = YES;
				IPHONEOS_DEPLOYMENT_TARGET = 13.0;
				MTL_ENABLE_DEBUG_INFO = NO;
				MTL_FAST_MATH = YES;
				SDKROOT = iphoneos;
				SWIFT_COMPILATION_MODE = wholemodule;
				SWIFT_OPTIMIZATION_LEVEL = "-O";
				VALIDATE_PRODUCT = YES;
			};
			name = Release;
		};
		5D10183D297815AF006742D1 /* Debug */ = {
			isa = XCBuildConfiguration;
			buildSettings = {
				ASSETCATALOG_COMPILER_APPICON_NAME = AppIcon;
				ASSETCATALOG_COMPILER_GLOBAL_ACCENT_COLOR_NAME = AccentColor;
				CODE_SIGN_STYLE = Automatic;
				CURRENT_PROJECT_VERSION = 1;
				DEVELOPMENT_TEAM = B8ACN7WKYY;
				GENERATE_INFOPLIST_FILE = YES;
				INFOPLIST_FILE = CountryCodes/Resources/Info.plist;
				INFOPLIST_KEY_UIApplicationSupportsIndirectInputEvents = YES;
				INFOPLIST_KEY_UILaunchStoryboardName = LaunchScreen;
				INFOPLIST_KEY_UIMainStoryboardFile = Main;
				INFOPLIST_KEY_UISupportedInterfaceOrientations_iPad = "UIInterfaceOrientationPortrait UIInterfaceOrientationPortraitUpsideDown UIInterfaceOrientationLandscapeLeft UIInterfaceOrientationLandscapeRight";
				INFOPLIST_KEY_UISupportedInterfaceOrientations_iPhone = "UIInterfaceOrientationPortrait UIInterfaceOrientationLandscapeLeft UIInterfaceOrientationLandscapeRight";
				LD_RUNPATH_SEARCH_PATHS = (
					"$(inherited)",
					"@executable_path/Frameworks",
				);
				MARKETING_VERSION = 0.0.0;
				PRODUCT_BUNDLE_IDENTIFIER = com.apex.CountryCodes.some;
				PRODUCT_NAME = "$(TARGET_NAME)";
				SUPPORTED_PLATFORMS = "iphoneos iphonesimulator";
				SUPPORTS_MACCATALYST = NO;
				SUPPORTS_MAC_DESIGNED_FOR_IPHONE_IPAD = NO;
				SWIFT_EMIT_LOC_STRINGS = YES;
				SWIFT_VERSION = 5.0;
				TARGETED_DEVICE_FAMILY = "1,2";
			};
			name = Debug;
		};
		5D10183E297815AF006742D1 /* Release */ = {
			isa = XCBuildConfiguration;
			buildSettings = {
				ASSETCATALOG_COMPILER_APPICON_NAME = AppIcon;
				ASSETCATALOG_COMPILER_GLOBAL_ACCENT_COLOR_NAME = AccentColor;
				CODE_SIGN_STYLE = Automatic;
				CURRENT_PROJECT_VERSION = 1;
				DEVELOPMENT_TEAM = B8ACN7WKYY;
				GENERATE_INFOPLIST_FILE = YES;
				INFOPLIST_FILE = CountryCodes/Resources/Info.plist;
				INFOPLIST_KEY_UIApplicationSupportsIndirectInputEvents = YES;
				INFOPLIST_KEY_UILaunchStoryboardName = LaunchScreen;
				INFOPLIST_KEY_UIMainStoryboardFile = Main;
				INFOPLIST_KEY_UISupportedInterfaceOrientations_iPad = "UIInterfaceOrientationPortrait UIInterfaceOrientationPortraitUpsideDown UIInterfaceOrientationLandscapeLeft UIInterfaceOrientationLandscapeRight";
				INFOPLIST_KEY_UISupportedInterfaceOrientations_iPhone = "UIInterfaceOrientationPortrait UIInterfaceOrientationLandscapeLeft UIInterfaceOrientationLandscapeRight";
				LD_RUNPATH_SEARCH_PATHS = (
					"$(inherited)",
					"@executable_path/Frameworks",
				);
				MARKETING_VERSION = 0.0.0;
				PRODUCT_BUNDLE_IDENTIFIER = com.apex.CountryCodes.some;
				PRODUCT_NAME = "$(TARGET_NAME)";
				SUPPORTED_PLATFORMS = "iphoneos iphonesimulator";
				SUPPORTS_MACCATALYST = NO;
				SUPPORTS_MAC_DESIGNED_FOR_IPHONE_IPAD = NO;
				SWIFT_EMIT_LOC_STRINGS = YES;
				SWIFT_VERSION = 5.0;
				TARGETED_DEVICE_FAMILY = "1,2";
			};
			name = Release;
		};
		5D101840297815AF006742D1 /* Debug */ = {
			isa = XCBuildConfiguration;
			buildSettings = {
				ALWAYS_EMBED_SWIFT_STANDARD_LIBRARIES = YES;
				BUNDLE_LOADER = "$(TEST_HOST)";
				CODE_SIGN_STYLE = Automatic;
				CURRENT_PROJECT_VERSION = 1;
				DEVELOPMENT_TEAM = "";
				GENERATE_INFOPLIST_FILE = YES;
				IPHONEOS_DEPLOYMENT_TARGET = 13.0;
				MARKETING_VERSION = 1.0;
				PRODUCT_BUNDLE_IDENTIFIER = com.apex.CountryCodesTests;
				PRODUCT_NAME = "$(TARGET_NAME)";
				SUPPORTED_PLATFORMS = "iphoneos iphonesimulator";
				SUPPORTS_MACCATALYST = NO;
				SUPPORTS_MAC_DESIGNED_FOR_IPHONE_IPAD = NO;
				SWIFT_EMIT_LOC_STRINGS = NO;
				SWIFT_VERSION = 5.0;
				TARGETED_DEVICE_FAMILY = "1,2";
				TEST_HOST = "$(BUILT_PRODUCTS_DIR)/CountryCodes.app/$(BUNDLE_EXECUTABLE_FOLDER_PATH)/CountryCodes";
			};
			name = Debug;
		};
		5D101841297815AF006742D1 /* Release */ = {
			isa = XCBuildConfiguration;
			buildSettings = {
				ALWAYS_EMBED_SWIFT_STANDARD_LIBRARIES = YES;
				BUNDLE_LOADER = "$(TEST_HOST)";
				CODE_SIGN_STYLE = Automatic;
				CURRENT_PROJECT_VERSION = 1;
				DEVELOPMENT_TEAM = "";
				GENERATE_INFOPLIST_FILE = YES;
				IPHONEOS_DEPLOYMENT_TARGET = 13.0;
				MARKETING_VERSION = 1.0;
				PRODUCT_BUNDLE_IDENTIFIER = com.apex.CountryCodesTests;
				PRODUCT_NAME = "$(TARGET_NAME)";
				SUPPORTED_PLATFORMS = "iphoneos iphonesimulator";
				SUPPORTS_MACCATALYST = NO;
				SUPPORTS_MAC_DESIGNED_FOR_IPHONE_IPAD = NO;
				SWIFT_EMIT_LOC_STRINGS = NO;
				SWIFT_VERSION = 5.0;
				TARGETED_DEVICE_FAMILY = "1,2";
				TEST_HOST = "$(BUILT_PRODUCTS_DIR)/CountryCodes.app/$(BUNDLE_EXECUTABLE_FOLDER_PATH)/CountryCodes";
			};
			name = Release;
		};
		5D101843297815AF006742D1 /* Debug */ = {
			isa = XCBuildConfiguration;
			buildSettings = {
				ALWAYS_EMBED_SWIFT_STANDARD_LIBRARIES = YES;
				CODE_SIGN_STYLE = Automatic;
				CURRENT_PROJECT_VERSION = 1;
				DEVELOPMENT_TEAM = "";
				GENERATE_INFOPLIST_FILE = YES;
				MARKETING_VERSION = 1.0;
				PRODUCT_BUNDLE_IDENTIFIER = com.apex.CountryCodesUITests;
				PRODUCT_NAME = "$(TARGET_NAME)";
				SUPPORTED_PLATFORMS = "iphoneos iphonesimulator";
				SUPPORTS_MACCATALYST = NO;
				SUPPORTS_MAC_DESIGNED_FOR_IPHONE_IPAD = NO;
				SWIFT_EMIT_LOC_STRINGS = NO;
				SWIFT_VERSION = 5.0;
				TARGETED_DEVICE_FAMILY = "1,2";
				TEST_TARGET_NAME = CountryCodes;
			};
			name = Debug;
		};
		5D101844297815AF006742D1 /* Release */ = {
			isa = XCBuildConfiguration;
			buildSettings = {
				ALWAYS_EMBED_SWIFT_STANDARD_LIBRARIES = YES;
				CODE_SIGN_STYLE = Automatic;
				CURRENT_PROJECT_VERSION = 1;
				DEVELOPMENT_TEAM = "";
				GENERATE_INFOPLIST_FILE = YES;
				MARKETING_VERSION = 1.0;
				PRODUCT_BUNDLE_IDENTIFIER = com.apex.CountryCodesUITests;
				PRODUCT_NAME = "$(TARGET_NAME)";
				SUPPORTED_PLATFORMS = "iphoneos iphonesimulator";
				SUPPORTS_MACCATALYST = NO;
				SUPPORTS_MAC_DESIGNED_FOR_IPHONE_IPAD = NO;
				SWIFT_EMIT_LOC_STRINGS = NO;
				SWIFT_VERSION = 5.0;
				TARGETED_DEVICE_FAMILY = "1,2";
				TEST_TARGET_NAME = CountryCodes;
			};
			name = Release;
		};
/* End XCBuildConfiguration section */

/* Begin XCConfigurationList section */
		5D10180D297815AA006742D1 /* Build configuration list for PBXProject "CountryCodes" */ = {
			isa = XCConfigurationList;
			buildConfigurations = (
				5D10183A297815AF006742D1 /* Debug */,
				5D10183B297815AF006742D1 /* Release */,
			);
			defaultConfigurationIsVisible = 0;
			defaultConfigurationName = Debug;
		};
		5D10183C297815AF006742D1 /* Build configuration list for PBXNativeTarget "CountryCodes" */ = {
			isa = XCConfigurationList;
			buildConfigurations = (
				5D10183D297815AF006742D1 /* Debug */,
				5D10183E297815AF006742D1 /* Release */,
			);
			defaultConfigurationIsVisible = 0;
			defaultConfigurationName = Debug;
		};
		5D10183F297815AF006742D1 /* Build configuration list for PBXNativeTarget "CountryCodesTests" */ = {
			isa = XCConfigurationList;
			buildConfigurations = (
				5D101840297815AF006742D1 /* Debug */,
				5D101841297815AF006742D1 /* Release */,
			);
			defaultConfigurationIsVisible = 0;
			defaultConfigurationName = Debug;
		};
		5D101842297815AF006742D1 /* Build configuration list for PBXNativeTarget "CountryCodesUITests" */ = {
			isa = XCConfigurationList;
			buildConfigurations = (
				5D101843297815AF006742D1 /* Debug */,
				5D101844297815AF006742D1 /* Release */,
			);
			defaultConfigurationIsVisible = 0;
			defaultConfigurationName = Debug;
		};
/* End XCConfigurationList section */
	};
	rootObject = 5D10180A297815AA006742D1 /* Project object */;
}
